// !$*UTF8*$!
{
	archiveVersion = 1;
	classes = {
	};
	objectVersion = 46;
	objects = {

/* Begin PBXBuildFile section */
		E8545A5316B0F0E400AC5EA5 /* UIKit.framework in Frameworks */ = {isa = PBXBuildFile; fileRef = E8545A5216B0F0E400AC5EA5 /* UIKit.framework */; };
		E8545A5516B0F0E400AC5EA5 /* Foundation.framework in Frameworks */ = {isa = PBXBuildFile; fileRef = E8545A5416B0F0E400AC5EA5 /* Foundation.framework */; };
		E8545A5716B0F0E400AC5EA5 /* CoreGraphics.framework in Frameworks */ = {isa = PBXBuildFile; fileRef = E8545A5616B0F0E400AC5EA5 /* CoreGraphics.framework */; };
		E8545A5D16B0F0E400AC5EA5 /* InfoPlist.strings in Resources */ = {isa = PBXBuildFile; fileRef = E8545A5B16B0F0E400AC5EA5 /* InfoPlist.strings */; };
		E8545A5F16B0F0E400AC5EA5 /* main.m in Sources */ = {isa = PBXBuildFile; fileRef = E8545A5E16B0F0E400AC5EA5 /* main.m */; };
		E8545A6316B0F0E400AC5EA5 /* AppDelegate.m in Sources */ = {isa = PBXBuildFile; fileRef = E8545A6216B0F0E400AC5EA5 /* AppDelegate.m */; };
		E8545A6516B0F0E400AC5EA5 /* Default.png in Resources */ = {isa = PBXBuildFile; fileRef = E8545A6416B0F0E400AC5EA5 /* Default.png */; };
		E8545A6716B0F0E400AC5EA5 /* Default@2x.png in Resources */ = {isa = PBXBuildFile; fileRef = E8545A6616B0F0E400AC5EA5 /* Default@2x.png */; };
		E8545A6916B0F0E500AC5EA5 /* Default-568h@2x.png in Resources */ = {isa = PBXBuildFile; fileRef = E8545A6816B0F0E500AC5EA5 /* Default-568h@2x.png */; };
		E8545A7316B0F24C00AC5EA5 /* Lil_Birds.png in Resources */ = {isa = PBXBuildFile; fileRef = E8545A7216B0F24C00AC5EA5 /* Lil_Birds.png */; };
		E8545A7716B0F2DF00AC5EA5 /* icon.png in Resources */ = {isa = PBXBuildFile; fileRef = E8545A7616B0F2DF00AC5EA5 /* icon.png */; };
		E8A4D39F16B0FD020045D87B /* lines@2x.png in Resources */ = {isa = PBXBuildFile; fileRef = E8A4D39516B0FD020045D87B /* lines@2x.png */; };
		E8A4D3A016B0FD020045D87B /* sidebarcell@2x.png in Resources */ = {isa = PBXBuildFile; fileRef = E8A4D39616B0FD020045D87B /* sidebarcell@2x.png */; };
		E8A4D3A116B0FD020045D87B /* sidebarshadow@2x.png in Resources */ = {isa = PBXBuildFile; fileRef = E8A4D39716B0FD020045D87B /* sidebarshadow@2x.png */; };
		E8A4D3A216B0FD020045D87B /* SHMenuTVC.m in Sources */ = {isa = PBXBuildFile; fileRef = E8A4D39916B0FD020045D87B /* SHMenuTVC.m */; };
		E8A4D3A316B0FD020045D87B /* SHSidebarController.m in Sources */ = {isa = PBXBuildFile; fileRef = E8A4D39B16B0FD020045D87B /* SHSidebarController.m */; };
		E8A4D3A416B0FD020045D87B /* sidebarbg@2x.png in Resources */ = {isa = PBXBuildFile; fileRef = E8A4D39C16B0FD020045D87B /* sidebarbg@2x.png */; };
		E8A4D3A516B0FD020045D87B /* UIView+Origami.m in Sources */ = {isa = PBXBuildFile; fileRef = E8A4D39E16B0FD020045D87B /* UIView+Origami.m */; };
		E8A4D3A716B0FDD70045D87B /* QuartzCore.framework in Frameworks */ = {isa = PBXBuildFile; fileRef = E8A4D3A616B0FDD70045D87B /* QuartzCore.framework */; };
		E8A4D3AE16B100400045D87B /* ODRefreshControl.m in Sources */ = {isa = PBXBuildFile; fileRef = E8A4D3AD16B100400045D87B /* ODRefreshControl.m */; };
		E8A4D3B416B1005E0045D87B /* HTMLNode.m in Sources */ = {isa = PBXBuildFile; fileRef = E8A4D3B116B1005E0045D87B /* HTMLNode.m */; settings = {COMPILER_FLAGS = "-fno-objc-arc"; }; };
		E8A4D3B516B1005E0045D87B /* HTMLParser.m in Sources */ = {isa = PBXBuildFile; fileRef = E8A4D3B316B1005E0045D87B /* HTMLParser.m */; settings = {COMPILER_FLAGS = "-fno-objc-arc"; }; };
		E8A4D3CB16B100820045D87B /* MKAnnotationView+WebCache.m in Sources */ = {isa = PBXBuildFile; fileRef = E8A4D3B816B100820045D87B /* MKAnnotationView+WebCache.m */; };
		E8A4D3CC16B100820045D87B /* SDImageCache.m in Sources */ = {isa = PBXBuildFile; fileRef = E8A4D3BA16B100820045D87B /* SDImageCache.m */; };
		E8A4D3CD16B100820045D87B /* SDWebImageDecoder.m in Sources */ = {isa = PBXBuildFile; fileRef = E8A4D3BE16B100820045D87B /* SDWebImageDecoder.m */; };
		E8A4D3CE16B100820045D87B /* SDWebImageDownloader.m in Sources */ = {isa = PBXBuildFile; fileRef = E8A4D3C016B100820045D87B /* SDWebImageDownloader.m */; };
		E8A4D3CF16B100820045D87B /* SDWebImageManager.m in Sources */ = {isa = PBXBuildFile; fileRef = E8A4D3C316B100820045D87B /* SDWebImageManager.m */; };
		E8A4D3D016B100820045D87B /* SDWebImagePrefetcher.m in Sources */ = {isa = PBXBuildFile; fileRef = E8A4D3C616B100820045D87B /* SDWebImagePrefetcher.m */; };
		E8A4D3D116B100820045D87B /* UIButton+WebCache.m in Sources */ = {isa = PBXBuildFile; fileRef = E8A4D3C816B100820045D87B /* UIButton+WebCache.m */; };
		E8A4D3D216B100820045D87B /* UIImageView+WebCache.m in Sources */ = {isa = PBXBuildFile; fileRef = E8A4D3CA16B100820045D87B /* UIImageView+WebCache.m */; };
		E8A4D3D516B100FB0045D87B /* MainVC.m in Sources */ = {isa = PBXBuildFile; fileRef = E8A4D3D416B100FB0045D87B /* MainVC.m */; };
		E8A4D3D816B101400045D87B /* HomeVC.m in Sources */ = {isa = PBXBuildFile; fileRef = E8A4D3D716B101400045D87B /* HomeVC.m */; };
		E8A4D3E216B101A30045D87B /* KMXMLParser.m in Sources */ = {isa = PBXBuildFile; fileRef = E8A4D3DF16B101A30045D87B /* KMXMLParser.m */; };
		E8A4D3E316B101A30045D87B /* MBProgressHUD.m in Sources */ = {isa = PBXBuildFile; fileRef = E8A4D3E116B101A30045D87B /* MBProgressHUD.m */; };
		E8A4D3E816B101E20045D87B /* Reader.m in Sources */ = {isa = PBXBuildFile; fileRef = E8A4D3E716B101E20045D87B /* Reader.m */; };
		E8A4D3EC16B1021F0045D87B /* ImageIO.framework in Frameworks */ = {isa = PBXBuildFile; fileRef = E8A4D3EB16B1021F0045D87B /* ImageIO.framework */; };
		E8A4D3EE16B102250045D87B /* MapKit.framework in Frameworks */ = {isa = PBXBuildFile; fileRef = E8A4D3ED16B102250045D87B /* MapKit.framework */; };
		E8A4D3F016B1022F0045D87B /* CoreLocation.framework in Frameworks */ = {isa = PBXBuildFile; fileRef = E8A4D3EF16B1022F0045D87B /* CoreLocation.framework */; };
		E8A4D3F216B102BC0045D87B /* libxml2.dylib in Frameworks */ = {isa = PBXBuildFile; fileRef = E8A4D3F116B102BB0045D87B /* libxml2.dylib */; };
		E8A4D42016B37C5B0045D87B /* ChatClientViewController.m in Sources */ = {isa = PBXBuildFile; fileRef = E8A4D41D16B37C5B0045D87B /* ChatClientViewController.m */; settings = {COMPILER_FLAGS = "-fno-objc-arc"; }; };
		E8A4D42116B37C5B0045D87B /* ChatClientViewController.xib in Resources */ = {isa = PBXBuildFile; fileRef = E8A4D41E16B37C5B0045D87B /* ChatClientViewController.xib */; };
		E8A4D42B16B46A2B0045D87B /* BBCell.m in Sources */ = {isa = PBXBuildFile; fileRef = E8A4D42A16B46A2B0045D87B /* BBCell.m */; };
		E8A4D42E16B46A340045D87B /* BBTableView.m in Sources */ = {isa = PBXBuildFile; fileRef = E8A4D42D16B46A340045D87B /* BBTableView.m */; };
		E8A4D43116B46A4F0045D87B /* BBTableViewInterceptor.m in Sources */ = {isa = PBXBuildFile; fileRef = E8A4D43016B46A4F0045D87B /* BBTableViewInterceptor.m */; };
		E8A4D43516B46A8D0045D87B /* BBViewController.m in Sources */ = {isa = PBXBuildFile; fileRef = E8A4D43416B46A8D0045D87B /* BBViewController.m */; };
		E8A4D43716B46AB00045D87B /* BBViewController_iPad.xib in Resources */ = {isa = PBXBuildFile; fileRef = E8A4D43616B46AB00045D87B /* BBViewController_iPad.xib */; };
		E8A4D43916B46ACE0045D87B /* BBViewController_iPhone.xib in Resources */ = {isa = PBXBuildFile; fileRef = E8A4D43816B46ACE0045D87B /* BBViewController_iPhone.xib */; };
		E8A4D44E16B46AEE0045D87B /* 1.png in Resources */ = {isa = PBXBuildFile; fileRef = E8A4D43C16B46AEE0045D87B /* 1.png */; };
		E8A4D44F16B46AEE0045D87B /* 10.png in Resources */ = {isa = PBXBuildFile; fileRef = E8A4D43D16B46AEE0045D87B /* 10.png */; };
		E8A4D45016B46AEE0045D87B /* 11.png in Resources */ = {isa = PBXBuildFile; fileRef = E8A4D43E16B46AEE0045D87B /* 11.png */; };
		E8A4D45116B46AEE0045D87B /* 12.png in Resources */ = {isa = PBXBuildFile; fileRef = E8A4D43F16B46AEE0045D87B /* 12.png */; };
		E8A4D45216B46AEE0045D87B /* 13.png in Resources */ = {isa = PBXBuildFile; fileRef = E8A4D44016B46AEE0045D87B /* 13.png */; };
		E8A4D45316B46AEE0045D87B /* 14.png in Resources */ = {isa = PBXBuildFile; fileRef = E8A4D44116B46AEE0045D87B /* 14.png */; };
		E8A4D45416B46AEE0045D87B /* 15.png in Resources */ = {isa = PBXBuildFile; fileRef = E8A4D44216B46AEE0045D87B /* 15.png */; };
		E8A4D45516B46AEE0045D87B /* 16.png in Resources */ = {isa = PBXBuildFile; fileRef = E8A4D44316B46AEE0045D87B /* 16.png */; };
		E8A4D45616B46AEE0045D87B /* 2.png in Resources */ = {isa = PBXBuildFile; fileRef = E8A4D44416B46AEE0045D87B /* 2.png */; };
		E8A4D45716B46AEE0045D87B /* 3.png in Resources */ = {isa = PBXBuildFile; fileRef = E8A4D44516B46AEE0045D87B /* 3.png */; };
		E8A4D45816B46AEE0045D87B /* 4.png in Resources */ = {isa = PBXBuildFile; fileRef = E8A4D44616B46AEE0045D87B /* 4.png */; };
		E8A4D45916B46AEE0045D87B /* 5.png in Resources */ = {isa = PBXBuildFile; fileRef = E8A4D44716B46AEE0045D87B /* 5.png */; };
		E8A4D45A16B46AEE0045D87B /* 6.png in Resources */ = {isa = PBXBuildFile; fileRef = E8A4D44816B46AEE0045D87B /* 6.png */; };
		E8A4D45B16B46AEE0045D87B /* 7.png in Resources */ = {isa = PBXBuildFile; fileRef = E8A4D44916B46AEE0045D87B /* 7.png */; };
		E8A4D45C16B46AEE0045D87B /* 8.png in Resources */ = {isa = PBXBuildFile; fileRef = E8A4D44A16B46AEE0045D87B /* 8.png */; };
		E8A4D45D16B46AEE0045D87B /* 9.png in Resources */ = {isa = PBXBuildFile; fileRef = E8A4D44B16B46AEE0045D87B /* 9.png */; };
		E8A4D45E16B46AEE0045D87B /* data.plist in Resources */ = {isa = PBXBuildFile; fileRef = E8A4D44D16B46AEE0045D87B /* data.plist */; };
		E8A4D46116B475C10045D87B /* ChatMain.m in Sources */ = {isa = PBXBuildFile; fileRef = E8A4D46016B475C00045D87B /* ChatMain.m */; };
		E8A4D46316B475F80045D87B /* ChatMain.xib in Resources */ = {isa = PBXBuildFile; fileRef = E8A4D46216B475F70045D87B /* ChatMain.xib */; };
		E8B5EDC216B65E1100062F75 /* CMNavBarNotificationView.m in Sources */ = {isa = PBXBuildFile; fileRef = E8B5EDC116B65E1100062F75 /* CMNavBarNotificationView.m */; };
		E8B5EDC616B65E2A00062F75 /* OBGradientView.m in Sources */ = {isa = PBXBuildFile; fileRef = E8B5EDC516B65E2A00062F75 /* OBGradientView.m */; };
		E8B5EDC816B65F0000062F75 /* mopedDog.jpeg in Resources */ = {isa = PBXBuildFile; fileRef = E8B5EDC716B65F0000062F75 /* mopedDog.jpeg */; };
/* End PBXBuildFile section */

/* Begin PBXFileReference section */
		E8545A4E16B0F0E400AC5EA5 /* CircleTweets.app */ = {isa = PBXFileReference; explicitFileType = wrapper.application; includeInIndex = 0; path = CircleTweets.app; sourceTree = BUILT_PRODUCTS_DIR; };
		E8545A5216B0F0E400AC5EA5 /* UIKit.framework */ = {isa = PBXFileReference; lastKnownFileType = wrapper.framework; name = UIKit.framework; path = System/Library/Frameworks/UIKit.framework; sourceTree = SDKROOT; };
		E8545A5416B0F0E400AC5EA5 /* Foundation.framework */ = {isa = PBXFileReference; lastKnownFileType = wrapper.framework; name = Foundation.framework; path = System/Library/Frameworks/Foundation.framework; sourceTree = SDKROOT; };
		E8545A5616B0F0E400AC5EA5 /* CoreGraphics.framework */ = {isa = PBXFileReference; lastKnownFileType = wrapper.framework; name = CoreGraphics.framework; path = System/Library/Frameworks/CoreGraphics.framework; sourceTree = SDKROOT; };
		E8545A5A16B0F0E400AC5EA5 /* CircleTweets-Info.plist */ = {isa = PBXFileReference; lastKnownFileType = text.plist.xml; path = "CircleTweets-Info.plist"; sourceTree = "<group>"; };
		E8545A5C16B0F0E400AC5EA5 /* en */ = {isa = PBXFileReference; lastKnownFileType = text.plist.strings; name = en; path = en.lproj/InfoPlist.strings; sourceTree = "<group>"; };
		E8545A5E16B0F0E400AC5EA5 /* main.m */ = {isa = PBXFileReference; lastKnownFileType = sourcecode.c.objc; path = main.m; sourceTree = "<group>"; };
		E8545A6016B0F0E400AC5EA5 /* CircleTweets-Prefix.pch */ = {isa = PBXFileReference; lastKnownFileType = sourcecode.c.h; path = "CircleTweets-Prefix.pch"; sourceTree = "<group>"; };
		E8545A6116B0F0E400AC5EA5 /* AppDelegate.h */ = {isa = PBXFileReference; lastKnownFileType = sourcecode.c.h; path = AppDelegate.h; sourceTree = "<group>"; };
		E8545A6216B0F0E400AC5EA5 /* AppDelegate.m */ = {isa = PBXFileReference; lastKnownFileType = sourcecode.c.objc; path = AppDelegate.m; sourceTree = "<group>"; };
		E8545A6416B0F0E400AC5EA5 /* Default.png */ = {isa = PBXFileReference; lastKnownFileType = image.png; path = Default.png; sourceTree = "<group>"; };
		E8545A6616B0F0E400AC5EA5 /* Default@2x.png */ = {isa = PBXFileReference; lastKnownFileType = image.png; path = "Default@2x.png"; sourceTree = "<group>"; };
		E8545A6816B0F0E500AC5EA5 /* Default-568h@2x.png */ = {isa = PBXFileReference; lastKnownFileType = image.png; path = "Default-568h@2x.png"; sourceTree = "<group>"; };
		E8545A7216B0F24C00AC5EA5 /* Lil_Birds.png */ = {isa = PBXFileReference; lastKnownFileType = image.png; path = Lil_Birds.png; sourceTree = "<group>"; };
		E8545A7616B0F2DF00AC5EA5 /* icon.png */ = {isa = PBXFileReference; lastKnownFileType = image.png; path = icon.png; sourceTree = "<group>"; };
		E8A4D39516B0FD020045D87B /* lines@2x.png */ = {isa = PBXFileReference; lastKnownFileType = image.png; path = "lines@2x.png"; sourceTree = "<group>"; };
		E8A4D39616B0FD020045D87B /* sidebarcell@2x.png */ = {isa = PBXFileReference; lastKnownFileType = image.png; path = "sidebarcell@2x.png"; sourceTree = "<group>"; };
		E8A4D39716B0FD020045D87B /* sidebarshadow@2x.png */ = {isa = PBXFileReference; lastKnownFileType = image.png; path = "sidebarshadow@2x.png"; sourceTree = "<group>"; };
		E8A4D39816B0FD020045D87B /* SHMenuTVC.h */ = {isa = PBXFileReference; fileEncoding = 4; lastKnownFileType = sourcecode.c.h; path = SHMenuTVC.h; sourceTree = "<group>"; };
		E8A4D39916B0FD020045D87B /* SHMenuTVC.m */ = {isa = PBXFileReference; fileEncoding = 4; lastKnownFileType = sourcecode.c.objc; path = SHMenuTVC.m; sourceTree = "<group>"; };
		E8A4D39A16B0FD020045D87B /* SHSidebarController.h */ = {isa = PBXFileReference; fileEncoding = 4; lastKnownFileType = sourcecode.c.h; path = SHSidebarController.h; sourceTree = "<group>"; };
		E8A4D39B16B0FD020045D87B /* SHSidebarController.m */ = {isa = PBXFileReference; fileEncoding = 4; lastKnownFileType = sourcecode.c.objc; path = SHSidebarController.m; sourceTree = "<group>"; };
		E8A4D39C16B0FD020045D87B /* sidebarbg@2x.png */ = {isa = PBXFileReference; lastKnownFileType = image.png; path = "sidebarbg@2x.png"; sourceTree = "<group>"; };
		E8A4D39D16B0FD020045D87B /* UIView+Origami.h */ = {isa = PBXFileReference; fileEncoding = 4; lastKnownFileType = sourcecode.c.h; path = "UIView+Origami.h"; sourceTree = "<group>"; };
		E8A4D39E16B0FD020045D87B /* UIView+Origami.m */ = {isa = PBXFileReference; fileEncoding = 4; lastKnownFileType = sourcecode.c.objc; path = "UIView+Origami.m"; sourceTree = "<group>"; };
		E8A4D3A616B0FDD70045D87B /* QuartzCore.framework */ = {isa = PBXFileReference; lastKnownFileType = wrapper.framework; name = QuartzCore.framework; path = System/Library/Frameworks/QuartzCore.framework; sourceTree = SDKROOT; };
		E8A4D3AC16B100400045D87B /* ODRefreshControl.h */ = {isa = PBXFileReference; fileEncoding = 4; lastKnownFileType = sourcecode.c.h; path = ODRefreshControl.h; sourceTree = "<group>"; };
		E8A4D3AD16B100400045D87B /* ODRefreshControl.m */ = {isa = PBXFileReference; fileEncoding = 4; lastKnownFileType = sourcecode.c.objc; path = ODRefreshControl.m; sourceTree = "<group>"; };
		E8A4D3B016B1005E0045D87B /* HTMLNode.h */ = {isa = PBXFileReference; fileEncoding = 4; lastKnownFileType = sourcecode.c.h; path = HTMLNode.h; sourceTree = "<group>"; };
		E8A4D3B116B1005E0045D87B /* HTMLNode.m */ = {isa = PBXFileReference; fileEncoding = 4; lastKnownFileType = sourcecode.c.objc; path = HTMLNode.m; sourceTree = "<group>"; };
		E8A4D3B216B1005E0045D87B /* HTMLParser.h */ = {isa = PBXFileReference; fileEncoding = 4; lastKnownFileType = sourcecode.c.h; path = HTMLParser.h; sourceTree = "<group>"; };
		E8A4D3B316B1005E0045D87B /* HTMLParser.m */ = {isa = PBXFileReference; fileEncoding = 4; lastKnownFileType = sourcecode.c.objc; path = HTMLParser.m; sourceTree = "<group>"; };
		E8A4D3B716B100820045D87B /* MKAnnotationView+WebCache.h */ = {isa = PBXFileReference; fileEncoding = 4; lastKnownFileType = sourcecode.c.h; path = "MKAnnotationView+WebCache.h"; sourceTree = "<group>"; };
		E8A4D3B816B100820045D87B /* MKAnnotationView+WebCache.m */ = {isa = PBXFileReference; fileEncoding = 4; lastKnownFileType = sourcecode.c.objc; path = "MKAnnotationView+WebCache.m"; sourceTree = "<group>"; };
		E8A4D3B916B100820045D87B /* SDImageCache.h */ = {isa = PBXFileReference; fileEncoding = 4; lastKnownFileType = sourcecode.c.h; path = SDImageCache.h; sourceTree = "<group>"; };
		E8A4D3BA16B100820045D87B /* SDImageCache.m */ = {isa = PBXFileReference; fileEncoding = 4; lastKnownFileType = sourcecode.c.objc; path = SDImageCache.m; sourceTree = "<group>"; };
		E8A4D3BB16B100820045D87B /* SDImageCacheDelegate.h */ = {isa = PBXFileReference; fileEncoding = 4; lastKnownFileType = sourcecode.c.h; path = SDImageCacheDelegate.h; sourceTree = "<group>"; };
		E8A4D3BC16B100820045D87B /* SDWebImageCompat.h */ = {isa = PBXFileReference; fileEncoding = 4; lastKnownFileType = sourcecode.c.h; path = SDWebImageCompat.h; sourceTree = "<group>"; };
		E8A4D3BD16B100820045D87B /* SDWebImageDecoder.h */ = {isa = PBXFileReference; fileEncoding = 4; lastKnownFileType = sourcecode.c.h; path = SDWebImageDecoder.h; sourceTree = "<group>"; };
		E8A4D3BE16B100820045D87B /* SDWebImageDecoder.m */ = {isa = PBXFileReference; fileEncoding = 4; lastKnownFileType = sourcecode.c.objc; path = SDWebImageDecoder.m; sourceTree = "<group>"; };
		E8A4D3BF16B100820045D87B /* SDWebImageDownloader.h */ = {isa = PBXFileReference; fileEncoding = 4; lastKnownFileType = sourcecode.c.h; path = SDWebImageDownloader.h; sourceTree = "<group>"; };
		E8A4D3C016B100820045D87B /* SDWebImageDownloader.m */ = {isa = PBXFileReference; fileEncoding = 4; lastKnownFileType = sourcecode.c.objc; path = SDWebImageDownloader.m; sourceTree = "<group>"; };
		E8A4D3C116B100820045D87B /* SDWebImageDownloaderDelegate.h */ = {isa = PBXFileReference; fileEncoding = 4; lastKnownFileType = sourcecode.c.h; path = SDWebImageDownloaderDelegate.h; sourceTree = "<group>"; };
		E8A4D3C216B100820045D87B /* SDWebImageManager.h */ = {isa = PBXFileReference; fileEncoding = 4; lastKnownFileType = sourcecode.c.h; path = SDWebImageManager.h; sourceTree = "<group>"; };
		E8A4D3C316B100820045D87B /* SDWebImageManager.m */ = {isa = PBXFileReference; fileEncoding = 4; lastKnownFileType = sourcecode.c.objc; path = SDWebImageManager.m; sourceTree = "<group>"; };
		E8A4D3C416B100820045D87B /* SDWebImageManagerDelegate.h */ = {isa = PBXFileReference; fileEncoding = 4; lastKnownFileType = sourcecode.c.h; path = SDWebImageManagerDelegate.h; sourceTree = "<group>"; };
		E8A4D3C516B100820045D87B /* SDWebImagePrefetcher.h */ = {isa = PBXFileReference; fileEncoding = 4; lastKnownFileType = sourcecode.c.h; path = SDWebImagePrefetcher.h; sourceTree = "<group>"; };
		E8A4D3C616B100820045D87B /* SDWebImagePrefetcher.m */ = {isa = PBXFileReference; fileEncoding = 4; lastKnownFileType = sourcecode.c.objc; path = SDWebImagePrefetcher.m; sourceTree = "<group>"; };
		E8A4D3C716B100820045D87B /* UIButton+WebCache.h */ = {isa = PBXFileReference; fileEncoding = 4; lastKnownFileType = sourcecode.c.h; path = "UIButton+WebCache.h"; sourceTree = "<group>"; };
		E8A4D3C816B100820045D87B /* UIButton+WebCache.m */ = {isa = PBXFileReference; fileEncoding = 4; lastKnownFileType = sourcecode.c.objc; path = "UIButton+WebCache.m"; sourceTree = "<group>"; };
		E8A4D3C916B100820045D87B /* UIImageView+WebCache.h */ = {isa = PBXFileReference; fileEncoding = 4; lastKnownFileType = sourcecode.c.h; path = "UIImageView+WebCache.h"; sourceTree = "<group>"; };
		E8A4D3CA16B100820045D87B /* UIImageView+WebCache.m */ = {isa = PBXFileReference; fileEncoding = 4; lastKnownFileType = sourcecode.c.objc; path = "UIImageView+WebCache.m"; sourceTree = "<group>"; };
		E8A4D3D316B100FB0045D87B /* MainVC.h */ = {isa = PBXFileReference; fileEncoding = 4; lastKnownFileType = sourcecode.c.h; path = MainVC.h; sourceTree = "<group>"; };
		E8A4D3D416B100FB0045D87B /* MainVC.m */ = {isa = PBXFileReference; fileEncoding = 4; lastKnownFileType = sourcecode.c.objc; path = MainVC.m; sourceTree = "<group>"; };
		E8A4D3D616B101400045D87B /* HomeVC.h */ = {isa = PBXFileReference; fileEncoding = 4; lastKnownFileType = sourcecode.c.h; path = HomeVC.h; sourceTree = "<group>"; };
		E8A4D3D716B101400045D87B /* HomeVC.m */ = {isa = PBXFileReference; fileEncoding = 4; lastKnownFileType = sourcecode.c.objc; path = HomeVC.m; sourceTree = "<group>"; };
		E8A4D3DE16B101A30045D87B /* KMXMLParser.h */ = {isa = PBXFileReference; fileEncoding = 4; lastKnownFileType = sourcecode.c.h; path = KMXMLParser.h; sourceTree = "<group>"; };
		E8A4D3DF16B101A30045D87B /* KMXMLParser.m */ = {isa = PBXFileReference; fileEncoding = 4; lastKnownFileType = sourcecode.c.objc; path = KMXMLParser.m; sourceTree = "<group>"; };
		E8A4D3E016B101A30045D87B /* MBProgressHUD.h */ = {isa = PBXFileReference; fileEncoding = 4; lastKnownFileType = sourcecode.c.h; path = MBProgressHUD.h; sourceTree = "<group>"; };
		E8A4D3E116B101A30045D87B /* MBProgressHUD.m */ = {isa = PBXFileReference; fileEncoding = 4; lastKnownFileType = sourcecode.c.objc; path = MBProgressHUD.m; sourceTree = "<group>"; };
		E8A4D3E616B101E20045D87B /* Reader.h */ = {isa = PBXFileReference; fileEncoding = 4; lastKnownFileType = sourcecode.c.h; path = Reader.h; sourceTree = "<group>"; };
		E8A4D3E716B101E20045D87B /* Reader.m */ = {isa = PBXFileReference; fileEncoding = 4; lastKnownFileType = sourcecode.c.objc; path = Reader.m; sourceTree = "<group>"; };
		E8A4D3EB16B1021F0045D87B /* ImageIO.framework */ = {isa = PBXFileReference; lastKnownFileType = wrapper.framework; name = ImageIO.framework; path = System/Library/Frameworks/ImageIO.framework; sourceTree = SDKROOT; };
		E8A4D3ED16B102250045D87B /* MapKit.framework */ = {isa = PBXFileReference; lastKnownFileType = wrapper.framework; name = MapKit.framework; path = System/Library/Frameworks/MapKit.framework; sourceTree = SDKROOT; };
		E8A4D3EF16B1022F0045D87B /* CoreLocation.framework */ = {isa = PBXFileReference; lastKnownFileType = wrapper.framework; name = CoreLocation.framework; path = System/Library/Frameworks/CoreLocation.framework; sourceTree = SDKROOT; };
		E8A4D3F116B102BB0045D87B /* libxml2.dylib */ = {isa = PBXFileReference; lastKnownFileType = "compiled.mach-o.dylib"; name = libxml2.dylib; path = usr/lib/libxml2.dylib; sourceTree = SDKROOT; };
		E8A4D41C16B37C5B0045D87B /* ChatClientViewController.h */ = {isa = PBXFileReference; fileEncoding = 4; lastKnownFileType = sourcecode.c.h; path = ChatClientViewController.h; sourceTree = "<group>"; };
		E8A4D41D16B37C5B0045D87B /* ChatClientViewController.m */ = {isa = PBXFileReference; fileEncoding = 4; lastKnownFileType = sourcecode.c.objc; path = ChatClientViewController.m; sourceTree = "<group>"; };
		E8A4D41E16B37C5B0045D87B /* ChatClientViewController.xib */ = {isa = PBXFileReference; fileEncoding = 4; lastKnownFileType = file.xib; path = ChatClientViewController.xib; sourceTree = "<group>"; };
		E8A4D42916B46A2B0045D87B /* BBCell.h */ = {isa = PBXFileReference; fileEncoding = 4; lastKnownFileType = sourcecode.c.h; path = BBCell.h; sourceTree = "<group>"; };
		E8A4D42A16B46A2B0045D87B /* BBCell.m */ = {isa = PBXFileReference; fileEncoding = 4; lastKnownFileType = sourcecode.c.objc; path = BBCell.m; sourceTree = "<group>"; };
		E8A4D42C16B46A340045D87B /* BBTableView.h */ = {isa = PBXFileReference; fileEncoding = 4; lastKnownFileType = sourcecode.c.h; path = BBTableView.h; sourceTree = "<group>"; };
		E8A4D42D16B46A340045D87B /* BBTableView.m */ = {isa = PBXFileReference; fileEncoding = 4; lastKnownFileType = sourcecode.c.objc; path = BBTableView.m; sourceTree = "<group>"; };
		E8A4D42F16B46A4F0045D87B /* BBTableViewInterceptor.h */ = {isa = PBXFileReference; fileEncoding = 4; lastKnownFileType = sourcecode.c.h; path = BBTableViewInterceptor.h; sourceTree = "<group>"; };
		E8A4D43016B46A4F0045D87B /* BBTableViewInterceptor.m */ = {isa = PBXFileReference; fileEncoding = 4; lastKnownFileType = sourcecode.c.objc; path = BBTableViewInterceptor.m; sourceTree = "<group>"; };
		E8A4D43316B46A8D0045D87B /* BBViewController.h */ = {isa = PBXFileReference; fileEncoding = 4; lastKnownFileType = sourcecode.c.h; path = BBViewController.h; sourceTree = "<group>"; };
		E8A4D43416B46A8D0045D87B /* BBViewController.m */ = {isa = PBXFileReference; fileEncoding = 4; lastKnownFileType = sourcecode.c.objc; path = BBViewController.m; sourceTree = "<group>"; };
		E8A4D43616B46AB00045D87B /* BBViewController_iPad.xib */ = {isa = PBXFileReference; fileEncoding = 4; lastKnownFileType = file.xib; path = BBViewController_iPad.xib; sourceTree = "<group>"; };
		E8A4D43816B46ACE0045D87B /* BBViewController_iPhone.xib */ = {isa = PBXFileReference; fileEncoding = 4; lastKnownFileType = file.xib; path = BBViewController_iPhone.xib; sourceTree = "<group>"; };
		E8A4D43C16B46AEE0045D87B /* 1.png */ = {isa = PBXFileReference; lastKnownFileType = image.png; path = 1.png; sourceTree = "<group>"; };
		E8A4D43D16B46AEE0045D87B /* 10.png */ = {isa = PBXFileReference; lastKnownFileType = image.png; path = 10.png; sourceTree = "<group>"; };
		E8A4D43E16B46AEE0045D87B /* 11.png */ = {isa = PBXFileReference; lastKnownFileType = image.png; path = 11.png; sourceTree = "<group>"; };
		E8A4D43F16B46AEE0045D87B /* 12.png */ = {isa = PBXFileReference; lastKnownFileType = image.png; path = 12.png; sourceTree = "<group>"; };
		E8A4D44016B46AEE0045D87B /* 13.png */ = {isa = PBXFileReference; lastKnownFileType = image.png; path = 13.png; sourceTree = "<group>"; };
		E8A4D44116B46AEE0045D87B /* 14.png */ = {isa = PBXFileReference; lastKnownFileType = image.png; path = 14.png; sourceTree = "<group>"; };
		E8A4D44216B46AEE0045D87B /* 15.png */ = {isa = PBXFileReference; lastKnownFileType = image.png; path = 15.png; sourceTree = "<group>"; };
		E8A4D44316B46AEE0045D87B /* 16.png */ = {isa = PBXFileReference; lastKnownFileType = image.png; path = 16.png; sourceTree = "<group>"; };
		E8A4D44416B46AEE0045D87B /* 2.png */ = {isa = PBXFileReference; lastKnownFileType = image.png; path = 2.png; sourceTree = "<group>"; };
		E8A4D44516B46AEE0045D87B /* 3.png */ = {isa = PBXFileReference; lastKnownFileType = image.png; path = 3.png; sourceTree = "<group>"; };
		E8A4D44616B46AEE0045D87B /* 4.png */ = {isa = PBXFileReference; lastKnownFileType = image.png; path = 4.png; sourceTree = "<group>"; };
		E8A4D44716B46AEE0045D87B /* 5.png */ = {isa = PBXFileReference; lastKnownFileType = image.png; path = 5.png; sourceTree = "<group>"; };
		E8A4D44816B46AEE0045D87B /* 6.png */ = {isa = PBXFileReference; lastKnownFileType = image.png; path = 6.png; sourceTree = "<group>"; };
		E8A4D44916B46AEE0045D87B /* 7.png */ = {isa = PBXFileReference; lastKnownFileType = image.png; path = 7.png; sourceTree = "<group>"; };
		E8A4D44A16B46AEE0045D87B /* 8.png */ = {isa = PBXFileReference; lastKnownFileType = image.png; path = 8.png; sourceTree = "<group>"; };
		E8A4D44B16B46AEE0045D87B /* 9.png */ = {isa = PBXFileReference; lastKnownFileType = image.png; path = 9.png; sourceTree = "<group>"; };
		E8A4D44D16B46AEE0045D87B /* data.plist */ = {isa = PBXFileReference; fileEncoding = 4; lastKnownFileType = text.plist.xml; path = data.plist; sourceTree = "<group>"; };
		E8A4D45F16B475C00045D87B /* ChatMain.h */ = {isa = PBXFileReference; fileEncoding = 4; lastKnownFileType = sourcecode.c.h; path = ChatMain.h; sourceTree = "<group>"; };
		E8A4D46016B475C00045D87B /* ChatMain.m */ = {isa = PBXFileReference; fileEncoding = 4; lastKnownFileType = sourcecode.c.objc; path = ChatMain.m; sourceTree = "<group>"; };
		E8A4D46216B475F70045D87B /* ChatMain.xib */ = {isa = PBXFileReference; fileEncoding = 4; lastKnownFileType = file.xib; path = ChatMain.xib; sourceTree = "<group>"; };
		E8B5EDC016B65E1100062F75 /* CMNavBarNotificationView.h */ = {isa = PBXFileReference; fileEncoding = 4; lastKnownFileType = sourcecode.c.h; path = CMNavBarNotificationView.h; sourceTree = "<group>"; };
		E8B5EDC116B65E1100062F75 /* CMNavBarNotificationView.m */ = {isa = PBXFileReference; fileEncoding = 4; lastKnownFileType = sourcecode.c.objc; path = CMNavBarNotificationView.m; sourceTree = "<group>"; };
		E8B5EDC416B65E2A00062F75 /* OBGradientView.h */ = {isa = PBXFileReference; fileEncoding = 4; lastKnownFileType = sourcecode.c.h; path = OBGradientView.h; sourceTree = "<group>"; };
		E8B5EDC516B65E2A00062F75 /* OBGradientView.m */ = {isa = PBXFileReference; fileEncoding = 4; lastKnownFileType = sourcecode.c.objc; path = OBGradientView.m; sourceTree = "<group>"; };
		E8B5EDC716B65F0000062F75 /* mopedDog.jpeg */ = {isa = PBXFileReference; lastKnownFileType = image.jpeg; path = mopedDog.jpeg; sourceTree = "<group>"; };
/* End PBXFileReference section */

/* Begin PBXFrameworksBuildPhase section */
		E8545A4B16B0F0E400AC5EA5 /* Frameworks */ = {
			isa = PBXFrameworksBuildPhase;
			buildActionMask = 2147483647;
			files = (
				E8A4D3F016B1022F0045D87B /* CoreLocation.framework in Frameworks */,
				E8A4D3EE16B102250045D87B /* MapKit.framework in Frameworks */,
				E8A4D3EC16B1021F0045D87B /* ImageIO.framework in Frameworks */,
				E8A4D3A716B0FDD70045D87B /* QuartzCore.framework in Frameworks */,
				E8545A5316B0F0E400AC5EA5 /* UIKit.framework in Frameworks */,
				E8545A5516B0F0E400AC5EA5 /* Foundation.framework in Frameworks */,
				E8545A5716B0F0E400AC5EA5 /* CoreGraphics.framework in Frameworks */,
				E8A4D3F216B102BC0045D87B /* libxml2.dylib in Frameworks */,
			);
			runOnlyForDeploymentPostprocessing = 0;
		};
/* End PBXFrameworksBuildPhase section */

/* Begin PBXGroup section */
		E8545A4316B0F0E400AC5EA5 = {
			isa = PBXGroup;
			children = (
				E8545A5816B0F0E400AC5EA5 /* CircleTweets */,
				E8545A5116B0F0E400AC5EA5 /* Frameworks */,
				E8545A4F16B0F0E400AC5EA5 /* Products */,
			);
			sourceTree = "<group>";
		};
		E8545A4F16B0F0E400AC5EA5 /* Products */ = {
			isa = PBXGroup;
			children = (
				E8545A4E16B0F0E400AC5EA5 /* CircleTweets.app */,
			);
			name = Products;
			sourceTree = "<group>";
		};
		E8545A5116B0F0E400AC5EA5 /* Frameworks */ = {
			isa = PBXGroup;
			children = (
				E8A4D3F116B102BB0045D87B /* libxml2.dylib */,
				E8A4D3EF16B1022F0045D87B /* CoreLocation.framework */,
				E8A4D3ED16B102250045D87B /* MapKit.framework */,
				E8A4D3EB16B1021F0045D87B /* ImageIO.framework */,
				E8A4D3A616B0FDD70045D87B /* QuartzCore.framework */,
				E8545A5216B0F0E400AC5EA5 /* UIKit.framework */,
				E8545A5416B0F0E400AC5EA5 /* Foundation.framework */,
				E8545A5616B0F0E400AC5EA5 /* CoreGraphics.framework */,
			);
			name = Frameworks;
			sourceTree = "<group>";
		};
		E8545A5816B0F0E400AC5EA5 /* CircleTweets */ = {
			isa = PBXGroup;
			children = (
				E8A4D3F316B106A40045D87B /* Tools */,
				E8A4D39316B0FCD80045D87B /* Controllers */,
				E8A4D38A16B0FC890045D87B /* Pages */,
				E8545A6F16B0F18A00AC5EA5 /* Images */,
				E8545A6116B0F0E400AC5EA5 /* AppDelegate.h */,
				E8545A6216B0F0E400AC5EA5 /* AppDelegate.m */,
				E8545A5916B0F0E400AC5EA5 /* Supporting Files */,
			);
			path = CircleTweets;
			sourceTree = "<group>";
		};
		E8545A5916B0F0E400AC5EA5 /* Supporting Files */ = {
			isa = PBXGroup;
			children = (
				E8545A5A16B0F0E400AC5EA5 /* CircleTweets-Info.plist */,
				E8545A5B16B0F0E400AC5EA5 /* InfoPlist.strings */,
				E8545A5E16B0F0E400AC5EA5 /* main.m */,
				E8545A6016B0F0E400AC5EA5 /* CircleTweets-Prefix.pch */,
			);
			name = "Supporting Files";
			sourceTree = "<group>";
		};
		E8545A6F16B0F18A00AC5EA5 /* Images */ = {
			isa = PBXGroup;
			children = (
				E8B5EDC716B65F0000062F75 /* mopedDog.jpeg */,
				E8545A7916B0F32300AC5EA5 /* Launch */,
				E8545A7816B0F2F900AC5EA5 /* Icons */,
			);
			name = Images;
			sourceTree = "<group>";
		};
		E8545A7816B0F2F900AC5EA5 /* Icons */ = {
			isa = PBXGroup;
			children = (
				E8545A7616B0F2DF00AC5EA5 /* icon.png */,
			);
			name = Icons;
			sourceTree = "<group>";
		};
		E8545A7916B0F32300AC5EA5 /* Launch */ = {
			isa = PBXGroup;
			children = (
				E8545A6416B0F0E400AC5EA5 /* Default.png */,
				E8545A6616B0F0E400AC5EA5 /* Default@2x.png */,
				E8545A6816B0F0E500AC5EA5 /* Default-568h@2x.png */,
				E8545A7216B0F24C00AC5EA5 /* Lil_Birds.png */,
			);
			name = Launch;
			sourceTree = "<group>";
		};
		E8A4D38A16B0FC890045D87B /* Pages */ = {
			isa = PBXGroup;
			children = (
				E8A4D43216B46A7E0045D87B /* CircleView */,
				E8A4D38B16B0FC900045D87B /* Main */,
				E8A4D38C16B0FC9C0045D87B /* Home */,
				E8A4D3D916B1014E0045D87B /* Chat */,
			);
			name = Pages;
			sourceTree = "<group>";
		};
		E8A4D38B16B0FC900045D87B /* Main */ = {
			isa = PBXGroup;
			children = (
				E8A4D3D316B100FB0045D87B /* MainVC.h */,
				E8A4D3D416B100FB0045D87B /* MainVC.m */,
			);
			name = Main;
			sourceTree = "<group>";
		};
		E8A4D38C16B0FC9C0045D87B /* Home */ = {
			isa = PBXGroup;
			children = (
				E8A4D3D616B101400045D87B /* HomeVC.h */,
				E8A4D3D716B101400045D87B /* HomeVC.m */,
			);
			name = Home;
			sourceTree = "<group>";
		};
		E8A4D39316B0FCD80045D87B /* Controllers */ = {
			isa = PBXGroup;
			children = (
				E8B5EDC316B65E1E00062F75 /* OBGradientView */,
				E8B5EDBE16B65DFC00062F75 /* NotificationView */,
				E8A4D42616B469F80045D87B /* BBTableView */,
				E8A4D3E416B101AA0045D87B /* MBProgressHUD */,
				E8A4D3AB16B1002F0045D87B /* RefreshController */,
				E8A4D39416B0FCEE0045D87B /* SlideMenuController */,
			);
			name = Controllers;
			sourceTree = "<group>";
		};
		E8A4D39416B0FCEE0045D87B /* SlideMenuController */ = {
			isa = PBXGroup;
			children = (
				E8A4D39516B0FD020045D87B /* lines@2x.png */,
				E8A4D39616B0FD020045D87B /* sidebarcell@2x.png */,
				E8A4D39716B0FD020045D87B /* sidebarshadow@2x.png */,
				E8A4D39816B0FD020045D87B /* SHMenuTVC.h */,
				E8A4D39916B0FD020045D87B /* SHMenuTVC.m */,
				E8A4D39A16B0FD020045D87B /* SHSidebarController.h */,
				E8A4D39B16B0FD020045D87B /* SHSidebarController.m */,
				E8A4D39C16B0FD020045D87B /* sidebarbg@2x.png */,
				E8A4D39D16B0FD020045D87B /* UIView+Origami.h */,
				E8A4D39E16B0FD020045D87B /* UIView+Origami.m */,
			);
			name = SlideMenuController;
			sourceTree = "<group>";
		};
		E8A4D3AB16B1002F0045D87B /* RefreshController */ = {
			isa = PBXGroup;
			children = (
				E8A4D3AC16B100400045D87B /* ODRefreshControl.h */,
				E8A4D3AD16B100400045D87B /* ODRefreshControl.m */,
			);
			name = RefreshController;
			sourceTree = "<group>";
		};
		E8A4D3AF16B100490045D87B /* HTMLParsing */ = {
			isa = PBXGroup;
			children = (
				E8A4D3B016B1005E0045D87B /* HTMLNode.h */,
				E8A4D3B116B1005E0045D87B /* HTMLNode.m */,
				E8A4D3B216B1005E0045D87B /* HTMLParser.h */,
				E8A4D3B316B1005E0045D87B /* HTMLParser.m */,
			);
			name = HTMLParsing;
			sourceTree = "<group>";
		};
		E8A4D3B616B1006E0045D87B /* SDWebImage */ = {
			isa = PBXGroup;
			children = (
				E8A4D3B716B100820045D87B /* MKAnnotationView+WebCache.h */,
				E8A4D3B816B100820045D87B /* MKAnnotationView+WebCache.m */,
				E8A4D3B916B100820045D87B /* SDImageCache.h */,
				E8A4D3BA16B100820045D87B /* SDImageCache.m */,
				E8A4D3BB16B100820045D87B /* SDImageCacheDelegate.h */,
				E8A4D3BC16B100820045D87B /* SDWebImageCompat.h */,
				E8A4D3BD16B100820045D87B /* SDWebImageDecoder.h */,
				E8A4D3BE16B100820045D87B /* SDWebImageDecoder.m */,
				E8A4D3BF16B100820045D87B /* SDWebImageDownloader.h */,
				E8A4D3C016B100820045D87B /* SDWebImageDownloader.m */,
				E8A4D3C116B100820045D87B /* SDWebImageDownloaderDelegate.h */,
				E8A4D3C216B100820045D87B /* SDWebImageManager.h */,
				E8A4D3C316B100820045D87B /* SDWebImageManager.m */,
				E8A4D3C416B100820045D87B /* SDWebImageManagerDelegate.h */,
				E8A4D3C516B100820045D87B /* SDWebImagePrefetcher.h */,
				E8A4D3C616B100820045D87B /* SDWebImagePrefetcher.m */,
				E8A4D3C716B100820045D87B /* UIButton+WebCache.h */,
				E8A4D3C816B100820045D87B /* UIButton+WebCache.m */,
				E8A4D3C916B100820045D87B /* UIImageView+WebCache.h */,
				E8A4D3CA16B100820045D87B /* UIImageView+WebCache.m */,
			);
			name = SDWebImage;
			sourceTree = "<group>";
		};
		E8A4D3D916B1014E0045D87B /* Chat */ = {
			isa = PBXGroup;
			children = (
				E8A4D41C16B37C5B0045D87B /* ChatClientViewController.h */,
				E8A4D41D16B37C5B0045D87B /* ChatClientViewController.m */,
				E8A4D41E16B37C5B0045D87B /* ChatClientViewController.xib */,
				E8A4D45F16B475C00045D87B /* ChatMain.h */,
				E8A4D46016B475C00045D87B /* ChatMain.m */,
				E8A4D46216B475F70045D87B /* ChatMain.xib */,
			);
			name = Chat;
			sourceTree = "<group>";
		};
		E8A4D3DD16B1017D0045D87B /* XMLParser */ = {
			isa = PBXGroup;
			children = (
				E8A4D3DE16B101A30045D87B /* KMXMLParser.h */,
				E8A4D3DF16B101A30045D87B /* KMXMLParser.m */,
			);
			name = XMLParser;
			sourceTree = "<group>";
		};
		E8A4D3E416B101AA0045D87B /* MBProgressHUD */ = {
			isa = PBXGroup;
			children = (
				E8A4D3E016B101A30045D87B /* MBProgressHUD.h */,
				E8A4D3E116B101A30045D87B /* MBProgressHUD.m */,
			);
			name = MBProgressHUD;
			sourceTree = "<group>";
		};
		E8A4D3E516B101D50045D87B /* Reader */ = {
			isa = PBXGroup;
			children = (
				E8A4D3E616B101E20045D87B /* Reader.h */,
				E8A4D3E716B101E20045D87B /* Reader.m */,
			);
			name = Reader;
			sourceTree = "<group>";
		};
		E8A4D3F316B106A40045D87B /* Tools */ = {
			isa = PBXGroup;
			children = (
				E8A4D3DD16B1017D0045D87B /* XMLParser */,
				E8A4D3B616B1006E0045D87B /* SDWebImage */,
				E8A4D3AF16B100490045D87B /* HTMLParsing */,
				E8A4D3E516B101D50045D87B /* Reader */,
			);
			name = Tools;
			sourceTree = "<group>";
		};
		E8A4D42616B469F80045D87B /* BBTableView */ = {
			isa = PBXGroup;
			children = (
				E8A4D42C16B46A340045D87B /* BBTableView.h */,
				E8A4D42D16B46A340045D87B /* BBTableView.m */,
				E8A4D42816B46A1A0045D87B /* BBCell */,
				E8A4D42716B46A0C0045D87B /* Interceptor */,
			);
			name = BBTableView;
			sourceTree = "<group>";
		};
		E8A4D42716B46A0C0045D87B /* Interceptor */ = {
			isa = PBXGroup;
			children = (
				E8A4D42F16B46A4F0045D87B /* BBTableViewInterceptor.h */,
				E8A4D43016B46A4F0045D87B /* BBTableViewInterceptor.m */,
			);
			name = Interceptor;
			sourceTree = "<group>";
		};
		E8A4D42816B46A1A0045D87B /* BBCell */ = {
			isa = PBXGroup;
			children = (
				E8A4D42916B46A2B0045D87B /* BBCell.h */,
				E8A4D42A16B46A2B0045D87B /* BBCell.m */,
			);
			name = BBCell;
			sourceTree = "<group>";
		};
		E8A4D43216B46A7E0045D87B /* CircleView */ = {
			isa = PBXGroup;
			children = (
				E8A4D43A16B46AEE0045D87B /* Common */,
				E8A4D43816B46ACE0045D87B /* BBViewController_iPhone.xib */,
				E8A4D43616B46AB00045D87B /* BBViewController_iPad.xib */,
				E8A4D43316B46A8D0045D87B /* BBViewController.h */,
				E8A4D43416B46A8D0045D87B /* BBViewController.m */,
			);
			name = CircleView;
			sourceTree = "<group>";
		};
		E8A4D43A16B46AEE0045D87B /* Common */ = {
			isa = PBXGroup;
			children = (
				E8A4D43B16B46AEE0045D87B /* images */,
				E8A4D44C16B46AEE0045D87B /* Plist */,
			);
			path = Common;
			sourceTree = "<group>";
		};
		E8A4D43B16B46AEE0045D87B /* images */ = {
			isa = PBXGroup;
			children = (
				E8A4D43C16B46AEE0045D87B /* 1.png */,
				E8A4D43D16B46AEE0045D87B /* 10.png */,
				E8A4D43E16B46AEE0045D87B /* 11.png */,
				E8A4D43F16B46AEE0045D87B /* 12.png */,
				E8A4D44016B46AEE0045D87B /* 13.png */,
				E8A4D44116B46AEE0045D87B /* 14.png */,
				E8A4D44216B46AEE0045D87B /* 15.png */,
				E8A4D44316B46AEE0045D87B /* 16.png */,
				E8A4D44416B46AEE0045D87B /* 2.png */,
				E8A4D44516B46AEE0045D87B /* 3.png */,
				E8A4D44616B46AEE0045D87B /* 4.png */,
				E8A4D44716B46AEE0045D87B /* 5.png */,
				E8A4D44816B46AEE0045D87B /* 6.png */,
				E8A4D44916B46AEE0045D87B /* 7.png */,
				E8A4D44A16B46AEE0045D87B /* 8.png */,
				E8A4D44B16B46AEE0045D87B /* 9.png */,
			);
			path = images;
			sourceTree = "<group>";
		};
		E8A4D44C16B46AEE0045D87B /* Plist */ = {
			isa = PBXGroup;
			children = (
				E8A4D44D16B46AEE0045D87B /* data.plist */,
			);
			path = Plist;
			sourceTree = "<group>";
		};
		E8B5EDBE16B65DFC00062F75 /* NotificationView */ = {
			isa = PBXGroup;
			children = (
				E8B5EDC016B65E1100062F75 /* CMNavBarNotificationView.h */,
				E8B5EDC116B65E1100062F75 /* CMNavBarNotificationView.m */,
			);
			name = NotificationView;
			sourceTree = "<group>";
		};
		E8B5EDC316B65E1E00062F75 /* OBGradientView */ = {
			isa = PBXGroup;
			children = (
				E8B5EDC416B65E2A00062F75 /* OBGradientView.h */,
				E8B5EDC516B65E2A00062F75 /* OBGradientView.m */,
			);
			name = OBGradientView;
			sourceTree = "<group>";
		};
/* End PBXGroup section */

/* Begin PBXNativeTarget section */
		E8545A4D16B0F0E400AC5EA5 /* CircleTweets */ = {
			isa = PBXNativeTarget;
			buildConfigurationList = E8545A6C16B0F0E500AC5EA5 /* Build configuration list for PBXNativeTarget "CircleTweets" */;
			buildPhases = (
				E8545A4A16B0F0E400AC5EA5 /* Sources */,
				E8545A4B16B0F0E400AC5EA5 /* Frameworks */,
				E8545A4C16B0F0E400AC5EA5 /* Resources */,
			);
			buildRules = (
			);
			dependencies = (
			);
			name = CircleTweets;
			productName = CircleTweets;
			productReference = E8545A4E16B0F0E400AC5EA5 /* CircleTweets.app */;
			productType = "com.apple.product-type.application";
		};
/* End PBXNativeTarget section */

/* Begin PBXProject section */
		E8545A4516B0F0E400AC5EA5 /* Project object */ = {
			isa = PBXProject;
			attributes = {
				LastUpgradeCheck = 0450;
				ORGANIZATIONNAME = JemblGroup;
			};
			buildConfigurationList = E8545A4816B0F0E400AC5EA5 /* Build configuration list for PBXProject "CircleTweets" */;
			compatibilityVersion = "Xcode 3.2";
			developmentRegion = English;
			hasScannedForEncodings = 0;
			knownRegions = (
				en,
			);
			mainGroup = E8545A4316B0F0E400AC5EA5;
			productRefGroup = E8545A4F16B0F0E400AC5EA5 /* Products */;
			projectDirPath = "";
			projectRoot = "";
			targets = (
				E8545A4D16B0F0E400AC5EA5 /* CircleTweets */,
			);
		};
/* End PBXProject section */

/* Begin PBXResourcesBuildPhase section */
		E8545A4C16B0F0E400AC5EA5 /* Resources */ = {
			isa = PBXResourcesBuildPhase;
			buildActionMask = 2147483647;
			files = (
				E8545A5D16B0F0E400AC5EA5 /* InfoPlist.strings in Resources */,
				E8545A6516B0F0E400AC5EA5 /* Default.png in Resources */,
				E8545A6716B0F0E400AC5EA5 /* Default@2x.png in Resources */,
				E8545A6916B0F0E500AC5EA5 /* Default-568h@2x.png in Resources */,
				E8545A7316B0F24C00AC5EA5 /* Lil_Birds.png in Resources */,
				E8545A7716B0F2DF00AC5EA5 /* icon.png in Resources */,
				E8A4D39F16B0FD020045D87B /* lines@2x.png in Resources */,
				E8A4D3A016B0FD020045D87B /* sidebarcell@2x.png in Resources */,
				E8A4D3A116B0FD020045D87B /* sidebarshadow@2x.png in Resources */,
				E8A4D3A416B0FD020045D87B /* sidebarbg@2x.png in Resources */,
				E8A4D42116B37C5B0045D87B /* ChatClientViewController.xib in Resources */,
				E8A4D43716B46AB00045D87B /* BBViewController_iPad.xib in Resources */,
				E8A4D43916B46ACE0045D87B /* BBViewController_iPhone.xib in Resources */,
				E8A4D44E16B46AEE0045D87B /* 1.png in Resources */,
				E8A4D44F16B46AEE0045D87B /* 10.png in Resources */,
				E8A4D45016B46AEE0045D87B /* 11.png in Resources */,
				E8A4D45116B46AEE0045D87B /* 12.png in Resources */,
				E8A4D45216B46AEE0045D87B /* 13.png in Resources */,
				E8A4D45316B46AEE0045D87B /* 14.png in Resources */,
				E8A4D45416B46AEE0045D87B /* 15.png in Resources */,
				E8A4D45516B46AEE0045D87B /* 16.png in Resources */,
				E8A4D45616B46AEE0045D87B /* 2.png in Resources */,
				E8A4D45716B46AEE0045D87B /* 3.png in Resources */,
				E8A4D45816B46AEE0045D87B /* 4.png in Resources */,
				E8A4D45916B46AEE0045D87B /* 5.png in Resources */,
				E8A4D45A16B46AEE0045D87B /* 6.png in Resources */,
				E8A4D45B16B46AEE0045D87B /* 7.png in Resources */,
				E8A4D45C16B46AEE0045D87B /* 8.png in Resources */,
				E8A4D45D16B46AEE0045D87B /* 9.png in Resources */,
				E8A4D45E16B46AEE0045D87B /* data.plist in Resources */,
				E8A4D46316B475F80045D87B /* ChatMain.xib in Resources */,
				E8B5EDC816B65F0000062F75 /* mopedDog.jpeg in Resources */,
			);
			runOnlyForDeploymentPostprocessing = 0;
		};
/* End PBXResourcesBuildPhase section */

/* Begin PBXSourcesBuildPhase section */
		E8545A4A16B0F0E400AC5EA5 /* Sources */ = {
			isa = PBXSourcesBuildPhase;
			buildActionMask = 2147483647;
			files = (
				E8545A5F16B0F0E400AC5EA5 /* main.m in Sources */,
				E8545A6316B0F0E400AC5EA5 /* AppDelegate.m in Sources */,
				E8A4D3A216B0FD020045D87B /* SHMenuTVC.m in Sources */,
				E8A4D3A316B0FD020045D87B /* SHSidebarController.m in Sources */,
				E8A4D3A516B0FD020045D87B /* UIView+Origami.m in Sources */,
				E8A4D3AE16B100400045D87B /* ODRefreshControl.m in Sources */,
				E8A4D3B416B1005E0045D87B /* HTMLNode.m in Sources */,
				E8A4D3B516B1005E0045D87B /* HTMLParser.m in Sources */,
				E8A4D3CB16B100820045D87B /* MKAnnotationView+WebCache.m in Sources */,
				E8A4D3CC16B100820045D87B /* SDImageCache.m in Sources */,
				E8A4D3CD16B100820045D87B /* SDWebImageDecoder.m in Sources */,
				E8A4D3CE16B100820045D87B /* SDWebImageDownloader.m in Sources */,
				E8A4D3CF16B100820045D87B /* SDWebImageManager.m in Sources */,
				E8A4D3D016B100820045D87B /* SDWebImagePrefetcher.m in Sources */,
				E8A4D3D116B100820045D87B /* UIButton+WebCache.m in Sources */,
				E8A4D3D216B100820045D87B /* UIImageView+WebCache.m in Sources */,
				E8A4D3D516B100FB0045D87B /* MainVC.m in Sources */,
				E8A4D3D816B101400045D87B /* HomeVC.m in Sources */,
				E8A4D3E216B101A30045D87B /* KMXMLParser.m in Sources */,
				E8A4D3E316B101A30045D87B /* MBProgressHUD.m in Sources */,
				E8A4D3E816B101E20045D87B /* Reader.m in Sources */,
				E8A4D42016B37C5B0045D87B /* ChatClientViewController.m in Sources */,
				E8A4D42B16B46A2B0045D87B /* BBCell.m in Sources */,
				E8A4D42E16B46A340045D87B /* BBTableView.m in Sources */,
				E8A4D43116B46A4F0045D87B /* BBTableViewInterceptor.m in Sources */,
				E8A4D43516B46A8D0045D87B /* BBViewController.m in Sources */,
				E8A4D46116B475C10045D87B /* ChatMain.m in Sources */,
				E8B5EDC216B65E1100062F75 /* CMNavBarNotificationView.m in Sources */,
				E8B5EDC616B65E2A00062F75 /* OBGradientView.m in Sources */,
			);
			runOnlyForDeploymentPostprocessing = 0;
		};
/* End PBXSourcesBuildPhase section */

/* Begin PBXVariantGroup section */
		E8545A5B16B0F0E400AC5EA5 /* InfoPlist.strings */ = {
			isa = PBXVariantGroup;
			children = (
				E8545A5C16B0F0E400AC5EA5 /* en */,
			);
			name = InfoPlist.strings;
			sourceTree = "<group>";
		};
/* End PBXVariantGroup section */

/* Begin XCBuildConfiguration section */
		E8545A6A16B0F0E500AC5EA5 /* Debug */ = {
			isa = XCBuildConfiguration;
			buildSettings = {
				ALWAYS_SEARCH_USER_PATHS = NO;
				CLANG_CXX_LANGUAGE_STANDARD = "gnu++0x";
				CLANG_CXX_LIBRARY = "libc++";
				CLANG_ENABLE_OBJC_ARC = YES;
				CLANG_WARN_EMPTY_BODY = YES;
				CLANG_WARN__DUPLICATE_METHOD_MATCH = YES;
				"CODE_SIGN_IDENTITY[sdk=iphoneos*]" = "iPhone Developer";
				COPY_PHASE_STRIP = NO;
				GCC_C_LANGUAGE_STANDARD = gnu99;
				GCC_DYNAMIC_NO_PIC = NO;
				GCC_OPTIMIZATION_LEVEL = 0;
				GCC_PREPROCESSOR_DEFINITIONS = (
					"DEBUG=1",
					"$(inherited)",
				);
				GCC_SYMBOLS_PRIVATE_EXTERN = NO;
				GCC_WARN_ABOUT_RETURN_TYPE = YES;
				GCC_WARN_UNINITIALIZED_AUTOS = YES;
				GCC_WARN_UNUSED_VARIABLE = YES;
				IPHONEOS_DEPLOYMENT_TARGET = 6.0;
				ONLY_ACTIVE_ARCH = YES;
				SDKROOT = iphoneos;
			};
			name = Debug;
		};
		E8545A6B16B0F0E500AC5EA5 /* Release */ = {
			isa = XCBuildConfiguration;
			buildSettings = {
				ALWAYS_SEARCH_USER_PATHS = NO;
				CLANG_CXX_LANGUAGE_STANDARD = "gnu++0x";
				CLANG_CXX_LIBRARY = "libc++";
				CLANG_ENABLE_OBJC_ARC = YES;
				CLANG_WARN_EMPTY_BODY = YES;
				CLANG_WARN__DUPLICATE_METHOD_MATCH = YES;
				"CODE_SIGN_IDENTITY[sdk=iphoneos*]" = "iPhone Developer";
				COPY_PHASE_STRIP = YES;
				GCC_C_LANGUAGE_STANDARD = gnu99;
				GCC_WARN_ABOUT_RETURN_TYPE = YES;
				GCC_WARN_UNINITIALIZED_AUTOS = YES;
				GCC_WARN_UNUSED_VARIABLE = YES;
				IPHONEOS_DEPLOYMENT_TARGET = 6.0;
				OTHER_CFLAGS = "-DNS_BLOCK_ASSERTIONS=1";
				SDKROOT = iphoneos;
				VALIDATE_PRODUCT = YES;
			};
			name = Release;
		};
		E8545A6D16B0F0E500AC5EA5 /* Debug */ = {
			isa = XCBuildConfiguration;
			buildSettings = {
				GCC_PRECOMPILE_PREFIX_HEADER = YES;
				GCC_PREFIX_HEADER = "CircleTweets/CircleTweets-Prefix.pch";
				"HEADER_SEARCH_PATHS[arch=*]" = "$(SDKROOT)/usr/include/libxml2";
				INFOPLIST_FILE = "CircleTweets/CircleTweets-Info.plist";
				PRODUCT_NAME = "$(TARGET_NAME)";
				WRAPPER_EXTENSION = app;
			};
			name = Debug;
		};
		E8545A6E16B0F0E500AC5EA5 /* Release */ = {
			isa = XCBuildConfiguration;
			buildSettings = {
				GCC_PRECOMPILE_PREFIX_HEADER = YES;
				GCC_PREFIX_HEADER = "CircleTweets/CircleTweets-Prefix.pch";
				"HEADER_SEARCH_PATHS[arch=*]" = "$(SDKROOT)/usr/include/libxml2";
				INFOPLIST_FILE = "CircleTweets/CircleTweets-Info.plist";
				PRODUCT_NAME = "$(TARGET_NAME)";
				WRAPPER_EXTENSION = app;
			};
			name = Release;
		};
/* End XCBuildConfiguration section */

/* Begin XCConfigurationList section */
		E8545A4816B0F0E400AC5EA5 /* Build configuration list for PBXProject "CircleTweets" */ = {
			isa = XCConfigurationList;
			buildConfigurations = (
				E8545A6A16B0F0E500AC5EA5 /* Debug */,
				E8545A6B16B0F0E500AC5EA5 /* Release */,
			);
			defaultConfigurationIsVisible = 0;
			defaultConfigurationName = Release;
		};
		E8545A6C16B0F0E500AC5EA5 /* Build configuration list for PBXNativeTarget "CircleTweets" */ = {
			isa = XCConfigurationList;
			buildConfigurations = (
				E8545A6D16B0F0E500AC5EA5 /* Debug */,
				E8545A6E16B0F0E500AC5EA5 /* Release */,
			);
			defaultConfigurationIsVisible = 0;
			defaultConfigurationName = Release;
		};
/* End XCConfigurationList section */
	};
	rootObject = E8545A4516B0F0E400AC5EA5 /* Project object */;
}
